{
  "name": "stippled-image",
  "version": "0.0.1",
  "lockfileVersion": 1,
  "requires": true,
  "dependencies": {
    "delaunator": {
      "version": "4.0.1",
      "resolved": "https://registry.npmjs.org/delaunator/-/delaunator-4.0.1.tgz",
      "integrity": "sha512-WNPWi1IRKZfCt/qIDMfERkDp93+iZEmOxN2yy4Jg+Xhv8SLk2UTqqbe1sfiipn0and9QrE914/ihdx82Y/Giag==",
      "dev": true
    },
    "stipple": {
      "version": "0.1.3",
      "resolved": "https://registry.npmjs.org/stipple/-/stipple-0.1.3.tgz",
      "integrity": "sha512-iprQfVd7SFNd0VnEI5IH8mQY2TBlgM/OH+RVHITX+wq6fTn+w8irWip1I0c/3hU5CpTZn53H5xyqYQxI0oysWg==",
      "dev": true,
      "requires": {
        "delaunator": "^4.0.1"
      }
    },
    "typescript": {
      "version": "3.8.3",
      "resolved": "https://registry.npmjs.org/typescript/-/typescript-3.8.3.tgz",
      "integrity": "sha512-MYlEfn5VrLNsgudQTVJeNaQFUAI7DkhnOjdpAp4T+ku1TfQClewlbSuTVHiA+8skNBgaf02TL/kLOvig4y3G8w==",
      "dev": true
    }
  }
}
